// !$*UTF8*$!
{
	archiveVersion = 1;
	classes = {
	};
	objectVersion = 50;
	objects = {

/* Begin PBXBuildFile section */
		DC1DC308212C06F0006BACA1 /* DateExtensions.swift in Sources */ = {isa = PBXBuildFile; fileRef = DC1DC307212C06F0006BACA1 /* DateExtensions.swift */; };
		DC1DC30B212C1497006BACA1 /* Validators.swift in Sources */ = {isa = PBXBuildFile; fileRef = DC1DC30A212C1497006BACA1 /* Validators.swift */; };
		DC64B3E32129E04E0011BFE9 /* AppDelegate.swift in Sources */ = {isa = PBXBuildFile; fileRef = DC64B3E22129E04E0011BFE9 /* AppDelegate.swift */; };
		DC64B3E52129E04E0011BFE9 /* ViewController.swift in Sources */ = {isa = PBXBuildFile; fileRef = DC64B3E42129E04E0011BFE9 /* ViewController.swift */; };
		DC64B3E82129E04E0011BFE9 /* Main.storyboard in Resources */ = {isa = PBXBuildFile; fileRef = DC64B3E62129E04E0011BFE9 /* Main.storyboard */; };
		DC64B3EA2129E0500011BFE9 /* Assets.xcassets in Resources */ = {isa = PBXBuildFile; fileRef = DC64B3E92129E0500011BFE9 /* Assets.xcassets */; };
		DC64B3ED2129E0500011BFE9 /* LaunchScreen.storyboard in Resources */ = {isa = PBXBuildFile; fileRef = DC64B3EB2129E0500011BFE9 /* LaunchScreen.storyboard */; };
		DC64B3F82129E0500011BFE9 /* AADesignPatternsTests.swift in Sources */ = {isa = PBXBuildFile; fileRef = DC64B3F72129E0500011BFE9 /* AADesignPatternsTests.swift */; };
		DC64B4032129EB3F0011BFE9 /* FormStateSaver.swift in Sources */ = {isa = PBXBuildFile; fileRef = DC64B4022129EB3F0011BFE9 /* FormStateSaver.swift */; };
		DC64B4052129F6B50011BFE9 /* RevisionsViewController.swift in Sources */ = {isa = PBXBuildFile; fileRef = DC64B4042129F6B50011BFE9 /* RevisionsViewController.swift */; };
		DC64B408212A05EE0011BFE9 /* FormVersionManager.swift in Sources */ = {isa = PBXBuildFile; fileRef = DC64B407212A05EE0011BFE9 /* FormVersionManager.swift */; };
		DC64B40B212A064F0011BFE9 /* Defaults.swift in Sources */ = {isa = PBXBuildFile; fileRef = DC64B40A212A064F0011BFE9 /* Defaults.swift */; };
		DC64B40D212A12840011BFE9 /* FormState.swift in Sources */ = {isa = PBXBuildFile; fileRef = DC64B40C212A12840011BFE9 /* FormState.swift */; };
/* End PBXBuildFile section */

/* Begin PBXContainerItemProxy section */
		DC64B3F42129E0500011BFE9 /* PBXContainerItemProxy */ = {
			isa = PBXContainerItemProxy;
			containerPortal = DC64B3D72129E04E0011BFE9 /* Project object */;
			proxyType = 1;
			remoteGlobalIDString = DC64B3DE2129E04E0011BFE9;
			remoteInfo = AADesignPatterns;
		};
/* End PBXContainerItemProxy section */

/* Begin PBXFileReference section */
		DC1DC307212C06F0006BACA1 /* DateExtensions.swift */ = {isa = PBXFileReference; lastKnownFileType = sourcecode.swift; path = DateExtensions.swift; sourceTree = "<group>"; };
		DC1DC30A212C1497006BACA1 /* Validators.swift */ = {isa = PBXFileReference; lastKnownFileType = sourcecode.swift; path = Validators.swift; sourceTree = "<group>"; };
		DC64B3DF2129E04E0011BFE9 /* AADesignPatterns.app */ = {isa = PBXFileReference; explicitFileType = wrapper.application; includeInIndex = 0; path = AADesignPatterns.app; sourceTree = BUILT_PRODUCTS_DIR; };
		DC64B3E22129E04E0011BFE9 /* AppDelegate.swift */ = {isa = PBXFileReference; lastKnownFileType = sourcecode.swift; path = AppDelegate.swift; sourceTree = "<group>"; };
		DC64B3E42129E04E0011BFE9 /* ViewController.swift */ = {isa = PBXFileReference; lastKnownFileType = sourcecode.swift; path = ViewController.swift; sourceTree = "<group>"; };
		DC64B3E72129E04E0011BFE9 /* Base */ = {isa = PBXFileReference; lastKnownFileType = file.storyboard; name = Base; path = Base.lproj/Main.storyboard; sourceTree = "<group>"; };
		DC64B3E92129E0500011BFE9 /* Assets.xcassets */ = {isa = PBXFileReference; lastKnownFileType = folder.assetcatalog; path = Assets.xcassets; sourceTree = "<group>"; };
		DC64B3EC2129E0500011BFE9 /* Base */ = {isa = PBXFileReference; lastKnownFileType = file.storyboard; name = Base; path = Base.lproj/LaunchScreen.storyboard; sourceTree = "<group>"; };
		DC64B3EE2129E0500011BFE9 /* Info.plist */ = {isa = PBXFileReference; lastKnownFileType = text.plist.xml; path = Info.plist; sourceTree = "<group>"; };
		DC64B3F32129E0500011BFE9 /* AADesignPatternsTests.xctest */ = {isa = PBXFileReference; explicitFileType = wrapper.cfbundle; includeInIndex = 0; path = AADesignPatternsTests.xctest; sourceTree = BUILT_PRODUCTS_DIR; };
		DC64B3F72129E0500011BFE9 /* AADesignPatternsTests.swift */ = {isa = PBXFileReference; lastKnownFileType = sourcecode.swift; path = AADesignPatternsTests.swift; sourceTree = "<group>"; };
		DC64B3F92129E0500011BFE9 /* Info.plist */ = {isa = PBXFileReference; lastKnownFileType = text.plist.xml; path = Info.plist; sourceTree = "<group>"; };
		DC64B4022129EB3F0011BFE9 /* FormStateSaver.swift */ = {isa = PBXFileReference; lastKnownFileType = sourcecode.swift; path = FormStateSaver.swift; sourceTree = "<group>"; };
		DC64B4042129F6B50011BFE9 /* RevisionsViewController.swift */ = {isa = PBXFileReference; lastKnownFileType = sourcecode.swift; path = RevisionsViewController.swift; sourceTree = "<group>"; };
		DC64B407212A05EE0011BFE9 /* FormVersionManager.swift */ = {isa = PBXFileReference; lastKnownFileType = sourcecode.swift; path = FormVersionManager.swift; sourceTree = "<group>"; };
		DC64B40A212A064F0011BFE9 /* Defaults.swift */ = {isa = PBXFileReference; lastKnownFileType = sourcecode.swift; path = Defaults.swift; sourceTree = "<group>"; };
		DC64B40C212A12840011BFE9 /* FormState.swift */ = {isa = PBXFileReference; lastKnownFileType = sourcecode.swift; path = FormState.swift; sourceTree = "<group>"; };
/* End PBXFileReference section */

/* Begin PBXFrameworksBuildPhase section */
		DC64B3DC2129E04E0011BFE9 /* Frameworks */ = {
			isa = PBXFrameworksBuildPhase;
			buildActionMask = 2147483647;
			files = (
			);
			runOnlyForDeploymentPostprocessing = 0;
		};
		DC64B3F02129E0500011BFE9 /* Frameworks */ = {
			isa = PBXFrameworksBuildPhase;
			buildActionMask = 2147483647;
			files = (
			);
			runOnlyForDeploymentPostprocessing = 0;
		};
/* End PBXFrameworksBuildPhase section */

/* Begin PBXGroup section */
		DC1DC306212C06E1006BACA1 /* Extensions */ = {
			isa = PBXGroup;
			children = (
				DC1DC307212C06F0006BACA1 /* DateExtensions.swift */,
			);
			path = Extensions;
			sourceTree = "<group>";
		};
		DC1DC309212C148E006BACA1 /* Validators */ = {
			isa = PBXGroup;
			children = (
				DC1DC30A212C1497006BACA1 /* Validators.swift */,
			);
			path = Validators;
			sourceTree = "<group>";
		};
		DC64B3D62129E04E0011BFE9 = {
			isa = PBXGroup;
			children = (
				DC64B3E12129E04E0011BFE9 /* AADesignPatterns */,
				DC64B3F62129E0500011BFE9 /* AADesignPatternsTests */,
				DC64B3E02129E04E0011BFE9 /* Products */,
			);
			sourceTree = "<group>";
		};
		DC64B3E02129E04E0011BFE9 /* Products */ = {
			isa = PBXGroup;
			children = (
				DC64B3DF2129E04E0011BFE9 /* AADesignPatterns.app */,
				DC64B3F32129E0500011BFE9 /* AADesignPatternsTests.xctest */,
			);
			name = Products;
			sourceTree = "<group>";
		};
		DC64B3E12129E04E0011BFE9 /* AADesignPatterns */ = {
			isa = PBXGroup;
			children = (
				DC1DC309212C148E006BACA1 /* Validators */,
				DC1DC306212C06E1006BACA1 /* Extensions */,
				DC64B409212A06430011BFE9 /* UserDefaultsFacade */,
				DC64B406212A05DC0011BFE9 /* Memento */,
				DC64B3E22129E04E0011BFE9 /* AppDelegate.swift */,
				DC64B3E42129E04E0011BFE9 /* ViewController.swift */,
				DC64B4042129F6B50011BFE9 /* RevisionsViewController.swift */,
				DC64B3E62129E04E0011BFE9 /* Main.storyboard */,
				DC64B3E92129E0500011BFE9 /* Assets.xcassets */,
				DC64B3EB2129E0500011BFE9 /* LaunchScreen.storyboard */,
				DC64B3EE2129E0500011BFE9 /* Info.plist */,
			);
			path = AADesignPatterns;
			sourceTree = "<group>";
		};
		DC64B3F62129E0500011BFE9 /* AADesignPatternsTests */ = {
			isa = PBXGroup;
			children = (
				DC64B3F72129E0500011BFE9 /* AADesignPatternsTests.swift */,
				DC64B3F92129E0500011BFE9 /* Info.plist */,
			);
			path = AADesignPatternsTests;
			sourceTree = "<group>";
		};
		DC64B406212A05DC0011BFE9 /* Memento */ = {
			isa = PBXGroup;
			children = (
				DC64B4022129EB3F0011BFE9 /* FormStateSaver.swift */,
				DC64B40C212A12840011BFE9 /* FormState.swift */,
				DC64B407212A05EE0011BFE9 /* FormVersionManager.swift */,
			);
			path = Memento;
			sourceTree = "<group>";
		};
		DC64B409212A06430011BFE9 /* UserDefaultsFacade */ = {
			isa = PBXGroup;
			children = (
				DC64B40A212A064F0011BFE9 /* Defaults.swift */,
			);
			path = UserDefaultsFacade;
			sourceTree = "<group>";
		};
/* End PBXGroup section */

/* Begin PBXNativeTarget section */
		DC64B3DE2129E04E0011BFE9 /* AADesignPatterns */ = {
			isa = PBXNativeTarget;
			buildConfigurationList = DC64B3FC2129E0500011BFE9 /* Build configuration list for PBXNativeTarget "AADesignPatterns" */;
			buildPhases = (
				DC64B3DB2129E04E0011BFE9 /* Sources */,
				DC64B3DC2129E04E0011BFE9 /* Frameworks */,
				DC64B3DD2129E04E0011BFE9 /* Resources */,
			);
			buildRules = (
			);
			dependencies = (
			);
			name = AADesignPatterns;
			productName = AADesignPatterns;
			productReference = DC64B3DF2129E04E0011BFE9 /* AADesignPatterns.app */;
			productType = "com.apple.product-type.application";
		};
		DC64B3F22129E0500011BFE9 /* AADesignPatternsTests */ = {
			isa = PBXNativeTarget;
			buildConfigurationList = DC64B3FF2129E0500011BFE9 /* Build configuration list for PBXNativeTarget "AADesignPatternsTests" */;
			buildPhases = (
				DC64B3EF2129E0500011BFE9 /* Sources */,
				DC64B3F02129E0500011BFE9 /* Frameworks */,
				DC64B3F12129E0500011BFE9 /* Resources */,
			);
			buildRules = (
			);
			dependencies = (
				DC64B3F52129E0500011BFE9 /* PBXTargetDependency */,
			);
			name = AADesignPatternsTests;
			productName = AADesignPatternsTests;
			productReference = DC64B3F32129E0500011BFE9 /* AADesignPatternsTests.xctest */;
			productType = "com.apple.product-type.bundle.unit-test";
		};
/* End PBXNativeTarget section */

/* Begin PBXProject section */
		DC64B3D72129E04E0011BFE9 /* Project object */ = {
			isa = PBXProject;
			attributes = {
				LastSwiftUpdateCheck = 0940;
				LastUpgradeCheck = 0940;
				ORGANIZATIONNAME = "Zag Apps";
				TargetAttributes = {
					DC64B3DE2129E04E0011BFE9 = {
						CreatedOnToolsVersion = 9.4.1;
					};
					DC64B3F22129E0500011BFE9 = {
						CreatedOnToolsVersion = 9.4.1;
						TestTargetID = DC64B3DE2129E04E0011BFE9;
					};
				};
			};
			buildConfigurationList = DC64B3DA2129E04E0011BFE9 /* Build configuration list for PBXProject "AADesignPatterns" */;
			compatibilityVersion = "Xcode 9.3";
			developmentRegion = en;
			hasScannedForEncodings = 0;
			knownRegions = (
				en,
				Base,
			);
			mainGroup = DC64B3D62129E04E0011BFE9;
			productRefGroup = DC64B3E02129E04E0011BFE9 /* Products */;
			projectDirPath = "";
			projectRoot = "";
			targets = (
				DC64B3DE2129E04E0011BFE9 /* AADesignPatterns */,
				DC64B3F22129E0500011BFE9 /* AADesignPatternsTests */,
			);
		};
/* End PBXProject section */

/* Begin PBXResourcesBuildPhase section */
		DC64B3DD2129E04E0011BFE9 /* Resources */ = {
			isa = PBXResourcesBuildPhase;
			buildActionMask = 2147483647;
			files = (
				DC64B3ED2129E0500011BFE9 /* LaunchScreen.storyboard in Resources */,
				DC64B3EA2129E0500011BFE9 /* Assets.xcassets in Resources */,
				DC64B3E82129E04E0011BFE9 /* Main.storyboard in Resources */,
			);
			runOnlyForDeploymentPostprocessing = 0;
		};
		DC64B3F12129E0500011BFE9 /* Resources */ = {
			isa = PBXResourcesBuildPhase;
			buildActionMask = 2147483647;
			files = (
			);
			runOnlyForDeploymentPostprocessing = 0;
		};
/* End PBXResourcesBuildPhase section */

/* Begin PBXSourcesBuildPhase section */
		DC64B3DB2129E04E0011BFE9 /* Sources */ = {
			isa = PBXSourcesBuildPhase;
			buildActionMask = 2147483647;
			files = (
				DC64B4032129EB3F0011BFE9 /* FormStateSaver.swift in Sources */,
				DC64B4052129F6B50011BFE9 /* RevisionsViewController.swift in Sources */,
				DC64B40D212A12840011BFE9 /* FormState.swift in Sources */,
				DC64B3E52129E04E0011BFE9 /* ViewController.swift in Sources */,
				DC64B40B212A064F0011BFE9 /* Defaults.swift in Sources */,
				DC1DC308212C06F0006BACA1 /* DateExtensions.swift in Sources */,
				DC64B408212A05EE0011BFE9 /* FormVersionManager.swift in Sources */,
				DC64B3E32129E04E0011BFE9 /* AppDelegate.swift in Sources */,
				DC1DC30B212C1497006BACA1 /* Validators.swift in Sources */,
			);
			runOnlyForDeploymentPostprocessing = 0;
		};
		DC64B3EF2129E0500011BFE9 /* Sources */ = {
			isa = PBXSourcesBuildPhase;
			buildActionMask = 2147483647;
			files = (
				DC64B3F82129E0500011BFE9 /* AADesignPatternsTests.swift in Sources */,
			);
			runOnlyForDeploymentPostprocessing = 0;
		};
/* End PBXSourcesBuildPhase section */

/* Begin PBXTargetDependency section */
		DC64B3F52129E0500011BFE9 /* PBXTargetDependency */ = {
			isa = PBXTargetDependency;
			target = DC64B3DE2129E04E0011BFE9 /* AADesignPatterns */;
			targetProxy = DC64B3F42129E0500011BFE9 /* PBXContainerItemProxy */;
		};
/* End PBXTargetDependency section */

/* Begin PBXVariantGroup section */
		DC64B3E62129E04E0011BFE9 /* Main.storyboard */ = {
			isa = PBXVariantGroup;
			children = (
				DC64B3E72129E04E0011BFE9 /* Base */,
			);
			name = Main.storyboard;
			sourceTree = "<group>";
		};
		DC64B3EB2129E0500011BFE9 /* LaunchScreen.storyboard */ = {
			isa = PBXVariantGroup;
			children = (
				DC64B3EC2129E0500011BFE9 /* Base */,
			);
			name = LaunchScreen.storyboard;
			sourceTree = "<group>";
		};
/* End PBXVariantGroup section */

/* Begin XCBuildConfiguration section */
		DC64B3FA2129E0500011BFE9 /* Debug */ = {
			isa = XCBuildConfiguration;
			buildSettings = {
				ALWAYS_SEARCH_USER_PATHS = NO;
				CLANG_ANALYZER_NONNULL = YES;
				CLANG_ANALYZER_NUMBER_OBJECT_CONVERSION = YES_AGGRESSIVE;
				CLANG_CXX_LANGUAGE_STANDARD = "gnu++14";
				CLANG_CXX_LIBRARY = "libc++";
				CLANG_ENABLE_MODULES = YES;
				CLANG_ENABLE_OBJC_ARC = YES;
				CLANG_ENABLE_OBJC_WEAK = YES;
				CLANG_WARN_BLOCK_CAPTURE_AUTORELEASING = YES;
				CLANG_WARN_BOOL_CONVERSION = YES;
				CLANG_WARN_COMMA = YES;
				CLANG_WARN_CONSTANT_CONVERSION = YES;
				CLANG_WARN_DEPRECATED_OBJC_IMPLEMENTATIONS = YES;
				CLANG_WARN_DIRECT_OBJC_ISA_USAGE = YES_ERROR;
				CLANG_WARN_DOCUMENTATION_COMMENTS = YES;
				CLANG_WARN_EMPTY_BODY = YES;
				CLANG_WARN_ENUM_CONVERSION = YES;
				CLANG_WARN_INFINITE_RECURSION = YES;
				CLANG_WARN_INT_CONVERSION = YES;
				CLANG_WARN_NON_LITERAL_NULL_CONVERSION = YES;
				CLANG_WARN_OBJC_IMPLICIT_RETAIN_SELF = YES;
				CLANG_WARN_OBJC_LITERAL_CONVERSION = YES;
				CLANG_WARN_OBJC_ROOT_CLASS = YES_ERROR;
				CLANG_WARN_RANGE_LOOP_ANALYSIS = YES;
				CLANG_WARN_STRICT_PROTOTYPES = YES;
				CLANG_WARN_SUSPICIOUS_MOVE = YES;
				CLANG_WARN_UNGUARDED_AVAILABILITY = YES_AGGRESSIVE;
				CLANG_WARN_UNREACHABLE_CODE = YES;
				CLANG_WARN__DUPLICATE_METHOD_MATCH = YES;
				CODE_SIGN_IDENTITY = "iPhone Developer";
				COPY_PHASE_STRIP = NO;
				DEBUG_INFORMATION_FORMAT = dwarf;
				ENABLE_STRICT_OBJC_MSGSEND = YES;
				ENABLE_TESTABILITY = YES;
				GCC_C_LANGUAGE_STANDARD = gnu11;
				GCC_DYNAMIC_NO_PIC = NO;
				GCC_NO_COMMON_BLOCKS = YES;
				GCC_OPTIMIZATION_LEVEL = 0;
				GCC_PREPROCESSOR_DEFINITIONS = (
					"DEBUG=1",
					"$(inherited)",
				);
				GCC_WARN_64_TO_32_BIT_CONVERSION = YES;
				GCC_WARN_ABOUT_RETURN_TYPE = YES_ERROR;
				GCC_WARN_UNDECLARED_SELECTOR = YES;
				GCC_WARN_UNINITIALIZED_AUTOS = YES_AGGRESSIVE;
				GCC_WARN_UNUSED_FUNCTION = YES;
				GCC_WARN_UNUSED_VARIABLE = YES;
				IPHONEOS_DEPLOYMENT_TARGET = 11.4;
				MTL_ENABLE_DEBUG_INFO = YES;
				ONLY_ACTIVE_ARCH = YES;
				SDKROOT = iphoneos;
				SWIFT_ACTIVE_COMPILATION_CONDITIONS = DEBUG;
				SWIFT_OPTIMIZATION_LEVEL = "-Onone";
			};
			name = Debug;
		};
		DC64B3FB2129E0500011BFE9 /* Release */ = {
			isa = XCBuildConfiguration;
			buildSettings = {
				ALWAYS_SEARCH_USER_PATHS = NO;
				CLANG_ANALYZER_NONNULL = YES;
				CLANG_ANALYZER_NUMBER_OBJECT_CONVERSION = YES_AGGRESSIVE;
				CLANG_CXX_LANGUAGE_STANDARD = "gnu++14";
				CLANG_CXX_LIBRARY = "libc++";
				CLANG_ENABLE_MODULES = YES;
				CLANG_ENABLE_OBJC_ARC = YES;
				CLANG_ENABLE_OBJC_WEAK = YES;
				CLANG_WARN_BLOCK_CAPTURE_AUTORELEASING = YES;
				CLANG_WARN_BOOL_CONVERSION = YES;
				CLANG_WARN_COMMA = YES;
				CLANG_WARN_CONSTANT_CONVERSION = YES;
				CLANG_WARN_DEPRECATED_OBJC_IMPLEMENTATIONS = YES;
				CLANG_WARN_DIRECT_OBJC_ISA_USAGE = YES_ERROR;
				CLANG_WARN_DOCUMENTATION_COMMENTS = YES;
				CLANG_WARN_EMPTY_BODY = YES;
				CLANG_WARN_ENUM_CONVERSION = YES;
				CLANG_WARN_INFINITE_RECURSION = YES;
				CLANG_WARN_INT_CONVERSION = YES;
				CLANG_WARN_NON_LITERAL_NULL_CONVERSION = YES;
				CLANG_WARN_OBJC_IMPLICIT_RETAIN_SELF = YES;
				CLANG_WARN_OBJC_LITERAL_CONVERSION = YES;
				CLANG_WARN_OBJC_ROOT_CLASS = YES_ERROR;
				CLANG_WARN_RANGE_LOOP_ANALYSIS = YES;
				CLANG_WARN_STRICT_PROTOTYPES = YES;
				CLANG_WARN_SUSPICIOUS_MOVE = YES;
				CLANG_WARN_UNGUARDED_AVAILABILITY = YES_AGGRESSIVE;
				CLANG_WARN_UNREACHABLE_CODE = YES;
				CLANG_WARN__DUPLICATE_METHOD_MATCH = YES;
				CODE_SIGN_IDENTITY = "iPhone Developer";
				COPY_PHASE_STRIP = NO;
				DEBUG_INFORMATION_FORMAT = "dwarf-with-dsym";
				ENABLE_NS_ASSERTIONS = NO;
				ENABLE_STRICT_OBJC_MSGSEND = YES;
				GCC_C_LANGUAGE_STANDARD = gnu11;
				GCC_NO_COMMON_BLOCKS = YES;
				GCC_WARN_64_TO_32_BIT_CONVERSION = YES;
				GCC_WARN_ABOUT_RETURN_TYPE = YES_ERROR;
				GCC_WARN_UNDECLARED_SELECTOR = YES;
				GCC_WARN_UNINITIALIZED_AUTOS = YES_AGGRESSIVE;
				GCC_WARN_UNUSED_FUNCTION = YES;
				GCC_WARN_UNUSED_VARIABLE = YES;
				IPHONEOS_DEPLOYMENT_TARGET = 11.4;
				MTL_ENABLE_DEBUG_INFO = NO;
				SDKROOT = iphoneos;
				SWIFT_COMPILATION_MODE = wholemodule;
				SWIFT_OPTIMIZATION_LEVEL = "-O";
				VALIDATE_PRODUCT = YES;
			};
			name = Release;
		};
		DC64B3FD2129E0500011BFE9 /* Debug */ = {
			isa = XCBuildConfiguration;
			buildSettings = {
				ASSETCATALOG_COMPILER_APPICON_NAME = AppIcon;
				CODE_SIGN_STYLE = Automatic;
				DEVELOPMENT_TEAM = 7V3537E45N;
				INFOPLIST_FILE = AADesignPatterns/Info.plist;
				IPHONEOS_DEPLOYMENT_TARGET = 11;
				LD_RUNPATH_SEARCH_PATHS = (
					"$(inherited)",
					"@executable_path/Frameworks",
				);
				PRODUCT_BUNDLE_IDENTIFIER = com.testingPods.AADesignPatterns;
				PRODUCT_NAME = "$(TARGET_NAME)";
				SWIFT_VERSION = 4.0;
				TARGETED_DEVICE_FAMILY = "1,2";
			};
			name = Debug;
		};
		DC64B3FE2129E0500011BFE9 /* Release */ = {
			isa = XCBuildConfiguration;
			buildSettings = {
				ASSETCATALOG_COMPILER_APPICON_NAME = AppIcon;
				CODE_SIGN_STYLE = Automatic;
				DEVELOPMENT_TEAM = 7V3537E45N;
				INFOPLIST_FILE = AADesignPatterns/Info.plist;
				IPHONEOS_DEPLOYMENT_TARGET = 11;
				LD_RUNPATH_SEARCH_PATHS = (
					"$(inherited)",
					"@executable_path/Frameworks",
				);
				PRODUCT_BUNDLE_IDENTIFIER = com.testingPods.AADesignPatterns;
				PRODUCT_NAME = "$(TARGET_NAME)";
				SWIFT_VERSION = 4.0;
				TARGETED_DEVICE_FAMILY = "1,2";
			};
			name = Release;
		};
		DC64B4002129E0500011BFE9 /* Debug */ = {
			isa = XCBuildConfiguration;
			buildSettings = {
				ALWAYS_EMBED_SWIFT_STANDARD_LIBRARIES = YES;
				BUNDLE_LOADER = "$(TEST_HOST)";
				CODE_SIGN_STYLE = Automatic;
				DEVELOPMENT_TEAM = 7V3537E45N;
				INFOPLIST_FILE = AADesignPatternsTests/Info.plist;
				LD_RUNPATH_SEARCH_PATHS = (
					"$(inherited)",
					"@executable_path/Frameworks",
					"@loader_path/Frameworks",
				);
				PRODUCT_BUNDLE_IDENTIFIER = com.testingPods.AADesignPatternsTests;
				PRODUCT_NAME = "$(TARGET_NAME)";
				SWIFT_VERSION = 4.0;
				TARGETED_DEVICE_FAMILY = "1,2";
				TEST_HOST = "$(BUILT_PRODUCTS_DIR)/AADesignPatterns.app/AADesignPatterns";
			};
			name = Debug;
		};
		DC64B4012129E0500011BFE9 /* Release */ = {
			isa = XCBuildConfiguration;
			buildSettings = {
				ALWAYS_EMBED_SWIFT_STANDARD_LIBRARIES = YES;
				BUNDLE_LOADER = "$(TEST_HOST)";
				CODE_SIGN_STYLE = Automatic;
				DEVELOPMENT_TEAM = 7V3537E45N;
				INFOPLIST_FILE = AADesignPatternsTests/Info.plist;
				LD_RUNPATH_SEARCH_PATHS = (
					"$(inherited)",
					"@executable_path/Frameworks",
					"@loader_path/Frameworks",
				);
				PRODUCT_BUNDLE_IDENTIFIER = com.testingPods.AADesignPatternsTests;
				PRODUCT_NAME = "$(TARGET_NAME)";
				SWIFT_VERSION = 4.0;
				TARGETED_DEVICE_FAMILY = "1,2";
				TEST_HOST = "$(BUILT_PRODUCTS_DIR)/AADesignPatterns.app/AADesignPatterns";
			};
			name = Release;
		};
/* End XCBuildConfiguration section */

/* Begin XCConfigurationList section */
		DC64B3DA2129E04E0011BFE9 /* Build configuration list for PBXProject "AADesignPatterns" */ = {
			isa = XCConfigurationList;
			buildConfigurations = (
				DC64B3FA2129E0500011BFE9 /* Debug */,
				DC64B3FB2129E0500011BFE9 /* Release */,
			);
			defaultConfigurationIsVisible = 0;
			defaultConfigurationName = Release;
		};
		DC64B3FC2129E0500011BFE9 /* Build configuration list for PBXNativeTarget "AADesignPatterns" */ = {
			isa = XCConfigurationList;
			buildConfigurations = (
				DC64B3FD2129E0500011BFE9 /* Debug */,
				DC64B3FE2129E0500011BFE9 /* Release */,
			);
			defaultConfigurationIsVisible = 0;
			defaultConfigurationName = Release;
		};
		DC64B3FF2129E0500011BFE9 /* Build configuration list for PBXNativeTarget "AADesignPatternsTests" */ = {
			isa = XCConfigurationList;
			buildConfigurations = (
				DC64B4002129E0500011BFE9 /* Debug */,
				DC64B4012129E0500011BFE9 /* Release */,
			);
			defaultConfigurationIsVisible = 0;
			defaultConfigurationName = Release;
		};
/* End XCConfigurationList section */
	};
	rootObject = DC64B3D72129E04E0011BFE9 /* Project object */;
}
